
Microsoft Visual Studio Solution File, Format Version 12.00
# Visual Studio Version 16
VisualStudioVersion = 16.0.29609.76
MinimumVisualStudioVersion = 10.0.40219.1
Project("{2150E333-8FDC-42A3-9474-1A3956D46DE8}") = "2 - Application", "2 - Application", "{97346067-2A03-4773-BF67-81474CDF3104}"
EndProject
Project("{2150E333-8FDC-42A3-9474-1A3956D46DE8}") = "2 - Domain", "2 - Domain", "{4C801C4D-DAA4-4EF5-BF82-11EE77E1823B}"
EndProject
Project("{2150E333-8FDC-42A3-9474-1A3956D46DE8}") = "1 - Presentation", "1 - Presentation", "{2E55E3C9-CCFB-4B51-9EFC-333FCE77F10C}"
EndProject
Project("{2150E333-8FDC-42A3-9474-1A3956D46DE8}") = "4 - Infra", "4 - Infra", "{B6CAAFD0-5F9C-4078-A949-D0E6B1FD7961}"
EndProject
Project("{2150E333-8FDC-42A3-9474-1A3956D46DE8}") = "4.1 - Data", "4.1 - Data", "{E1B4C99B-A69A-48B2-B830-2FE1C1CC853B}"
EndProject
Project("{2150E333-8FDC-42A3-9474-1A3956D46DE8}") = "4.2 - CrossCutting", "4.2 - CrossCutting", "{D9CA32C7-7AF7-436C-BF5B-57E4EA0A5A99}"
EndProject
Project("{FAE04EC0-301F-11D3-BF4B-00C04F79EFBC}") = "RS.Domain", "ReceitaSearch.Domain\RS.Domain.csproj", "{54B7BA04-8138-4172-8817-518EA6F5BBD4}"
EndProject
Project("{FAE04EC0-301F-11D3-BF4B-00C04F79EFBC}") = "RS.Infra.Data", "ReceitaSearch.Infra.Data\RS.Infra.Data.csproj", "{87AA6185-486B-4117-9FF4-B6091C5D5AE0}"
EndProject
Project("{FAE04EC0-301F-11D3-BF4B-00C04F79EFBC}") = "RS.Infra.CrossCutting.Adapter", "ReceitaSearch.Infra.CrossCutting\RS.Infra.CrossCutting.Adapter.csproj", "{DC8FE808-F326-48AF-A074-18AAC6E66EDA}"
EndProject
Project("{FAE04EC0-301F-11D3-BF4B-00C04F79EFBC}") = "Rs.Domain.Core", "Rs.Domain.Core\Rs.Domain.Core.csproj", "{489B7326-0B63-4DF5-9F0C-1EFE3CEAEC9E}"
EndProject
Project("{FAE04EC0-301F-11D3-BF4B-00C04F79EFBC}") = "RS.Domain.Services", "RS.Domain.Services\RS.Domain.Services.csproj", "{307479B9-9D60-4FE2-8292-777F3022A6C7}"
EndProject
Project("{FAE04EC0-301F-11D3-BF4B-00C04F79EFBC}") = "RS.Aplication", "RS.Aplication\RS.Aplication.csproj", "{DE10FF20-FC16-40A2-B8D9-339AA98940C4}"
EndProject
Project("{FAE04EC0-301F-11D3-BF4B-00C04F79EFBC}") = "RS.Application.DTO", "RS.Application.DTO\RS.Application.DTO.csproj", "{6E9A9C7B-EBA4-43CD-8580-BDF362375E17}"
EndProject
Project("{FAE04EC0-301F-11D3-BF4B-00C04F79EFBC}") = "RS.Infra.Repository", "RS.Infra.Repository\RS.Infra.Repository.csproj", "{E58CD575-8FA2-4600-8B36-FD4951734ABF}"
EndProject
Project("{FAE04EC0-301F-11D3-BF4B-00C04F79EFBC}") = "RS.Infra.CrossCutting.IOC", "RS.CrossCutting.IOC\RS.Infra.CrossCutting.IOC.csproj", "{0E2F10CE-B3B3-4813-9909-9583B42C95A3}"
EndProject
Project("{FAE04EC0-301F-11D3-BF4B-00C04F79EFBC}") = "RS.Presentation", "RS.Presentation\RS.Presentation.csproj", "{393B7E5D-386E-4E26-9E90-314F50A2FCA0}"
EndProject
Global
	GlobalSection(SolutionConfigurationPlatforms) = preSolution
		Debug|Any CPU = Debug|Any CPU
		Release|Any CPU = Release|Any CPU
	EndGlobalSection
	GlobalSection(ProjectConfigurationPlatforms) = postSolution
		{54B7BA04-8138-4172-8817-518EA6F5BBD4}.Debug|Any CPU.ActiveCfg = Debug|Any CPU
		{54B7BA04-8138-4172-8817-518EA6F5BBD4}.Debug|Any CPU.Build.0 = Debug|Any CPU
		{54B7BA04-8138-4172-8817-518EA6F5BBD4}.Release|Any CPU.ActiveCfg = Release|Any CPU
		{54B7BA04-8138-4172-8817-518EA6F5BBD4}.Release|Any CPU.Build.0 = Release|Any CPU
		{87AA6185-486B-4117-9FF4-B6091C5D5AE0}.Debug|Any CPU.ActiveCfg = Debug|Any CPU
		{87AA6185-486B-4117-9FF4-B6091C5D5AE0}.Debug|Any CPU.Build.0 = Debug|Any CPU
		{87AA6185-486B-4117-9FF4-B6091C5D5AE0}.Release|Any CPU.ActiveCfg = Release|Any CPU
		{87AA6185-486B-4117-9FF4-B6091C5D5AE0}.Release|Any CPU.Build.0 = Release|Any CPU
		{DC8FE808-F326-48AF-A074-18AAC6E66EDA}.Debug|Any CPU.ActiveCfg = Debug|Any CPU
		{DC8FE808-F326-48AF-A074-18AAC6E66EDA}.Debug|Any CPU.Build.0 = Debug|Any CPU
		{DC8FE808-F326-48AF-A074-18AAC6E66EDA}.Release|Any CPU.ActiveCfg = Release|Any CPU
		{DC8FE808-F326-48AF-A074-18AAC6E66EDA}.Release|Any CPU.Build.0 = Release|Any CPU
		{489B7326-0B63-4DF5-9F0C-1EFE3CEAEC9E}.Debug|Any CPU.ActiveCfg = Debug|Any CPU
		{489B7326-0B63-4DF5-9F0C-1EFE3CEAEC9E}.Debug|Any CPU.Build.0 = Debug|Any CPU
		{489B7326-0B63-4DF5-9F0C-1EFE3CEAEC9E}.Release|Any CPU.ActiveCfg = Release|Any CPU
		{489B7326-0B63-4DF5-9F0C-1EFE3CEAEC9E}.Release|Any CPU.Build.0 = Release|Any CPU
		{307479B9-9D60-4FE2-8292-777F3022A6C7}.Debug|Any CPU.ActiveCfg = Debug|Any CPU
		{307479B9-9D60-4FE2-8292-777F3022A6C7}.Debug|Any CPU.Build.0 = Debug|Any CPU
		{307479B9-9D60-4FE2-8292-777F3022A6C7}.Release|Any CPU.ActiveCfg = Release|Any CPU
		{307479B9-9D60-4FE2-8292-777F3022A6C7}.Release|Any CPU.Build.0 = Release|Any CPU
		{DE10FF20-FC16-40A2-B8D9-339AA98940C4}.Debug|Any CPU.ActiveCfg = Debug|Any CPU
		{DE10FF20-FC16-40A2-B8D9-339AA98940C4}.Debug|Any CPU.Build.0 = Debug|Any CPU
		{DE10FF20-FC16-40A2-B8D9-339AA98940C4}.Release|Any CPU.ActiveCfg = Release|Any CPU
		{DE10FF20-FC16-40A2-B8D9-339AA98940C4}.Release|Any CPU.Build.0 = Release|Any CPU
		{6E9A9C7B-EBA4-43CD-8580-BDF362375E17}.Debug|Any CPU.ActiveCfg = Debug|Any CPU
		{6E9A9C7B-EBA4-43CD-8580-BDF362375E17}.Debug|Any CPU.Build.0 = Debug|Any CPU
		{6E9A9C7B-EBA4-43CD-8580-BDF362375E17}.Release|Any CPU.ActiveCfg = Release|Any CPU
		{6E9A9C7B-EBA4-43CD-8580-BDF362375E17}.Release|Any CPU.Build.0 = Release|Any CPU
		{E58CD575-8FA2-4600-8B36-FD4951734ABF}.Debug|Any CPU.ActiveCfg = Debug|Any CPU
		{E58CD575-8FA2-4600-8B36-FD4951734ABF}.Debug|Any CPU.Build.0 = Debug|Any CPU
		{E58CD575-8FA2-4600-8B36-FD4951734ABF}.Release|Any CPU.ActiveCfg = Release|Any CPU
		{E58CD575-8FA2-4600-8B36-FD4951734ABF}.Release|Any CPU.Build.0 = Release|Any CPU
		{0E2F10CE-B3B3-4813-9909-9583B42C95A3}.Debug|Any CPU.ActiveCfg = Debug|Any CPU
		{0E2F10CE-B3B3-4813-9909-9583B42C95A3}.Debug|Any CPU.Build.0 = Debug|Any CPU
		{0E2F10CE-B3B3-4813-9909-9583B42C95A3}.Release|Any CPU.ActiveCfg = Release|Any CPU
		{0E2F10CE-B3B3-4813-9909-9583B42C95A3}.Release|Any CPU.Build.0 = Release|Any CPU
		{393B7E5D-386E-4E26-9E90-314F50A2FCA0}.Debug|Any CPU.ActiveCfg = Debug|Any CPU
		{393B7E5D-386E-4E26-9E90-314F50A2FCA0}.Debug|Any CPU.Build.0 = Debug|Any CPU
		{393B7E5D-386E-4E26-9E90-314F50A2FCA0}.Release|Any CPU.ActiveCfg = Release|Any CPU
		{393B7E5D-386E-4E26-9E90-314F50A2FCA0}.Release|Any CPU.Build.0 = Release|Any CPU
	EndGlobalSection
	GlobalSection(SolutionProperties) = preSolution
		HideSolutionNode = FALSE
	EndGlobalSection
	GlobalSection(NestedProjects) = preSolution
		{E1B4C99B-A69A-48B2-B830-2FE1C1CC853B} = {B6CAAFD0-5F9C-4078-A949-D0E6B1FD7961}
		{D9CA32C7-7AF7-436C-BF5B-57E4EA0A5A99} = {B6CAAFD0-5F9C-4078-A949-D0E6B1FD7961}
		{54B7BA04-8138-4172-8817-518EA6F5BBD4} = {4C801C4D-DAA4-4EF5-BF82-11EE77E1823B}
		{87AA6185-486B-4117-9FF4-B6091C5D5AE0} = {E1B4C99B-A69A-48B2-B830-2FE1C1CC853B}
		{DC8FE808-F326-48AF-A074-18AAC6E66EDA} = {D9CA32C7-7AF7-436C-BF5B-57E4EA0A5A99}
		{489B7326-0B63-4DF5-9F0C-1EFE3CEAEC9E} = {4C801C4D-DAA4-4EF5-BF82-11EE77E1823B}
		{307479B9-9D60-4FE2-8292-777F3022A6C7} = {4C801C4D-DAA4-4EF5-BF82-11EE77E1823B}
		{DE10FF20-FC16-40A2-B8D9-339AA98940C4} = {97346067-2A03-4773-BF67-81474CDF3104}
		{6E9A9C7B-EBA4-43CD-8580-BDF362375E17} = {97346067-2A03-4773-BF67-81474CDF3104}
		{E58CD575-8FA2-4600-8B36-FD4951734ABF} = {E1B4C99B-A69A-48B2-B830-2FE1C1CC853B}
		{0E2F10CE-B3B3-4813-9909-9583B42C95A3} = {D9CA32C7-7AF7-436C-BF5B-57E4EA0A5A99}
		{393B7E5D-386E-4E26-9E90-314F50A2FCA0} = {2E55E3C9-CCFB-4B51-9EFC-333FCE77F10C}
	EndGlobalSection
	GlobalSection(ExtensibilityGlobals) = postSolution
		SolutionGuid = {EDB4FF82-7D9E-43D2-BDBC-DAA911684216}
	EndGlobalSection
EndGlobal
